<?xml version="1.0" encoding="utf-8"?>
<Project ToolsVersion="4.0" xmlns="http://schemas.microsoft.com/developer/msbuild/2003">
  <ItemGroup>
    <ClCompile Include="main.cxx" />
    <ClCompile Include="modules.cpp" />
    <ClCompile Include="creatwth.cpp" />
    <ClCompile Include="detours.cpp" />
    <ClCompile Include="disasm.cpp" />
    <ClCompile Include="image.cpp" />
  </ItemGroup>
  <ItemGroup>
    <ClInclude Include="detours.h" />
    <ClInclude Include="detver.h" />
  </ItemGroup>
</Project>