
Microsoft Visual Studio Solution File, Format Version 12.00
# Visual Studio 14
VisualStudioVersion = 14.0.22823.1
MinimumVisualStudioVersion = 10.0.40219.1
Project("{FAE04EC0-301F-11D3-BF4B-00C04F79EFBC}") = "LowLevelKeyboardHook", "LowLevelKeyboardHook.csproj", "{B29EA21B-7A57-40A0-B1EC-7F005D7CE292}"
EndProject
Global
	GlobalSection(SolutionConfigurationPlatforms) = preSolution
		Debug|Any CPU = Debug|Any CPU
		Release|Any CPU = Release|Any CPU
	EndGlobalSection
	GlobalSection(ProjectConfigurationPlatforms) = postSolution
		{B29EA21B-7A57-40A0-B1EC-7F005D7CE292}.Debug|Any CPU.ActiveCfg = Debug|Any CPU
		{B29EA21B-7A57-40A0-B1EC-7F005D7CE292}.Debug|Any CPU.Build.0 = Debug|Any CPU
		{B29EA21B-7A57-40A0-B1EC-7F005D7CE292}.Release|Any CPU.ActiveCfg = Release|Any CPU
		{B29EA21B-7A57-40A0-B1EC-7F005D7CE292}.Release|Any CPU.Build.0 = Release|Any CPU
	EndGlobalSection
	GlobalSection(SolutionProperties) = preSolution
		HideSolutionNode = FALSE
	EndGlobalSection
EndGlobal
